
Microsoft Visual Studio Solution File, Format Version 12.00
# Visual Studio Version 17
VisualStudioVersion = 17.4.33103.184
MinimumVisualStudioVersion = 10.0.40219.1
Project("{9A19103F-16F7-4668-BE54-9A1E7A4F7556}") = "EFEntityMgr", "EFEntityMgr\EFEntityMgr.csproj", "{4967FEEA-D0BD-40EE-8D81-A3958AB72E63}"
EndProject
Project("{9A19103F-16F7-4668-BE54-9A1E7A4F7556}") = "EntitySrvr", "EntitySrvr\EntitySrvr.csproj", "{0B359776-DB57-4827-B253-028F93DA8C3B}"
EndProject
Project("{9A19103F-16F7-4668-BE54-9A1E7A4F7556}") = "EFEntityWPF", "EFEntityWPF\EFEntityWPF.csproj", "{886945C3-EC25-450A-979A-57B4AADA93F4}"
EndProject
Project("{9A19103F-16F7-4668-BE54-9A1E7A4F7556}") = "ClassLibrary1", "ClassLibrary1\ClassLibrary1.csproj", "{6F1AB0E9-08DA-40B0-AA2A-1EEB404712C8}"
EndProject
Project("{9A19103F-16F7-4668-BE54-9A1E7A4F7556}") = "EFEntityMAUI", "EFEntityMAUI\EFEntityMAUI.csproj", "{4518F033-F39A-49B0-B76E-5D890ACDCBE1}"
EndProject
Global
	GlobalSection(SolutionConfigurationPlatforms) = preSolution
		Debug|Any CPU = Debug|Any CPU
		Debug|ARM64 = Debug|ARM64
		Debug|x64 = Debug|x64
		Debug|x86 = Debug|x86
		Release|Any CPU = Release|Any CPU
		Release|ARM64 = Release|ARM64
		Release|x64 = Release|x64
		Release|x86 = Release|x86
	EndGlobalSection
	GlobalSection(ProjectConfigurationPlatforms) = postSolution
		{4967FEEA-D0BD-40EE-8D81-A3958AB72E63}.Debug|Any CPU.ActiveCfg = Debug|Any CPU
		{4967FEEA-D0BD-40EE-8D81-A3958AB72E63}.Debug|Any CPU.Build.0 = Debug|Any CPU
		{4967FEEA-D0BD-40EE-8D81-A3958AB72E63}.Debug|ARM64.ActiveCfg = Debug|Any CPU
		{4967FEEA-D0BD-40EE-8D81-A3958AB72E63}.Debug|ARM64.Build.0 = Debug|Any CPU
		{4967FEEA-D0BD-40EE-8D81-A3958AB72E63}.Debug|x64.ActiveCfg = Debug|Any CPU
		{4967FEEA-D0BD-40EE-8D81-A3958AB72E63}.Debug|x64.Build.0 = Debug|Any CPU
		{4967FEEA-D0BD-40EE-8D81-A3958AB72E63}.Debug|x86.ActiveCfg = Debug|Any CPU
		{4967FEEA-D0BD-40EE-8D81-A3958AB72E63}.Debug|x86.Build.0 = Debug|Any CPU
		{4967FEEA-D0BD-40EE-8D81-A3958AB72E63}.Release|Any CPU.ActiveCfg = Release|Any CPU
		{4967FEEA-D0BD-40EE-8D81-A3958AB72E63}.Release|Any CPU.Build.0 = Release|Any CPU
		{4967FEEA-D0BD-40EE-8D81-A3958AB72E63}.Release|ARM64.ActiveCfg = Release|Any CPU
		{4967FEEA-D0BD-40EE-8D81-A3958AB72E63}.Release|ARM64.Build.0 = Release|Any CPU
		{4967FEEA-D0BD-40EE-8D81-A3958AB72E63}.Release|x64.ActiveCfg = Release|Any CPU
		{4967FEEA-D0BD-40EE-8D81-A3958AB72E63}.Release|x64.Build.0 = Release|Any CPU
		{4967FEEA-D0BD-40EE-8D81-A3958AB72E63}.Release|x86.ActiveCfg = Release|Any CPU
		{4967FEEA-D0BD-40EE-8D81-A3958AB72E63}.Release|x86.Build.0 = Release|Any CPU
		{0B359776-DB57-4827-B253-028F93DA8C3B}.Debug|Any CPU.ActiveCfg = Debug|Any CPU
		{0B359776-DB57-4827-B253-028F93DA8C3B}.Debug|Any CPU.Build.0 = Debug|Any CPU
		{0B359776-DB57-4827-B253-028F93DA8C3B}.Debug|ARM64.ActiveCfg = Debug|Any CPU
		{0B359776-DB57-4827-B253-028F93DA8C3B}.Debug|ARM64.Build.0 = Debug|Any CPU
		{0B359776-DB57-4827-B253-028F93DA8C3B}.Debug|x64.ActiveCfg = Debug|Any CPU
		{0B359776-DB57-4827-B253-028F93DA8C3B}.Debug|x64.Build.0 = Debug|Any CPU
		{0B359776-DB57-4827-B253-028F93DA8C3B}.Debug|x86.ActiveCfg = Debug|Any CPU
		{0B359776-DB57-4827-B253-028F93DA8C3B}.Debug|x86.Build.0 = Debug|Any CPU
		{0B359776-DB57-4827-B253-028F93DA8C3B}.Release|Any CPU.ActiveCfg = Release|Any CPU
		{0B359776-DB57-4827-B253-028F93DA8C3B}.Release|Any CPU.Build.0 = Release|Any CPU
		{0B359776-DB57-4827-B253-028F93DA8C3B}.Release|ARM64.ActiveCfg = Release|Any CPU
		{0B359776-DB57-4827-B253-028F93DA8C3B}.Release|ARM64.Build.0 = Release|Any CPU
		{0B359776-DB57-4827-B253-028F93DA8C3B}.Release|x64.ActiveCfg = Release|Any CPU
		{0B359776-DB57-4827-B253-028F93DA8C3B}.Release|x64.Build.0 = Release|Any CPU
		{0B359776-DB57-4827-B253-028F93DA8C3B}.Release|x86.ActiveCfg = Release|Any CPU
		{0B359776-DB57-4827-B253-028F93DA8C3B}.Release|x86.Build.0 = Release|Any CPU
		{886945C3-EC25-450A-979A-57B4AADA93F4}.Debug|Any CPU.ActiveCfg = Debug|Any CPU
		{886945C3-EC25-450A-979A-57B4AADA93F4}.Debug|Any CPU.Build.0 = Debug|Any CPU
		{886945C3-EC25-450A-979A-57B4AADA93F4}.Debug|ARM64.ActiveCfg = Debug|Any CPU
		{886945C3-EC25-450A-979A-57B4AADA93F4}.Debug|ARM64.Build.0 = Debug|Any CPU
		{886945C3-EC25-450A-979A-57B4AADA93F4}.Debug|x64.ActiveCfg = Debug|Any CPU
		{886945C3-EC25-450A-979A-57B4AADA93F4}.Debug|x64.Build.0 = Debug|Any CPU
		{886945C3-EC25-450A-979A-57B4AADA93F4}.Debug|x86.ActiveCfg = Debug|Any CPU
		{886945C3-EC25-450A-979A-57B4AADA93F4}.Debug|x86.Build.0 = Debug|Any CPU
		{886945C3-EC25-450A-979A-57B4AADA93F4}.Release|Any CPU.ActiveCfg = Release|Any CPU
		{886945C3-EC25-450A-979A-57B4AADA93F4}.Release|Any CPU.Build.0 = Release|Any CPU
		{886945C3-EC25-450A-979A-57B4AADA93F4}.Release|ARM64.ActiveCfg = Release|Any CPU
		{886945C3-EC25-450A-979A-57B4AADA93F4}.Release|ARM64.Build.0 = Release|Any CPU
		{886945C3-EC25-450A-979A-57B4AADA93F4}.Release|x64.ActiveCfg = Release|Any CPU
		{886945C3-EC25-450A-979A-57B4AADA93F4}.Release|x64.Build.0 = Release|Any CPU
		{886945C3-EC25-450A-979A-57B4AADA93F4}.Release|x86.ActiveCfg = Release|Any CPU
		{886945C3-EC25-450A-979A-57B4AADA93F4}.Release|x86.Build.0 = Release|Any CPU
		{6F1AB0E9-08DA-40B0-AA2A-1EEB404712C8}.Debug|Any CPU.ActiveCfg = Debug|Any CPU
		{6F1AB0E9-08DA-40B0-AA2A-1EEB404712C8}.Debug|Any CPU.Build.0 = Debug|Any CPU
		{6F1AB0E9-08DA-40B0-AA2A-1EEB404712C8}.Debug|ARM64.ActiveCfg = Debug|Any CPU
		{6F1AB0E9-08DA-40B0-AA2A-1EEB404712C8}.Debug|ARM64.Build.0 = Debug|Any CPU
		{6F1AB0E9-08DA-40B0-AA2A-1EEB404712C8}.Debug|x64.ActiveCfg = Debug|Any CPU
		{6F1AB0E9-08DA-40B0-AA2A-1EEB404712C8}.Debug|x64.Build.0 = Debug|Any CPU
		{6F1AB0E9-08DA-40B0-AA2A-1EEB404712C8}.Debug|x86.ActiveCfg = Debug|Any CPU
		{6F1AB0E9-08DA-40B0-AA2A-1EEB404712C8}.Debug|x86.Build.0 = Debug|Any CPU
		{6F1AB0E9-08DA-40B0-AA2A-1EEB404712C8}.Release|Any CPU.ActiveCfg = Release|Any CPU
		{6F1AB0E9-08DA-40B0-AA2A-1EEB404712C8}.Release|Any CPU.Build.0 = Release|Any CPU
		{6F1AB0E9-08DA-40B0-AA2A-1EEB404712C8}.Release|ARM64.ActiveCfg = Release|Any CPU
		{6F1AB0E9-08DA-40B0-AA2A-1EEB404712C8}.Release|ARM64.Build.0 = Release|Any CPU
		{6F1AB0E9-08DA-40B0-AA2A-1EEB404712C8}.Release|x64.ActiveCfg = Release|Any CPU
		{6F1AB0E9-08DA-40B0-AA2A-1EEB404712C8}.Release|x64.Build.0 = Release|Any CPU
		{6F1AB0E9-08DA-40B0-AA2A-1EEB404712C8}.Release|x86.ActiveCfg = Release|Any CPU
		{6F1AB0E9-08DA-40B0-AA2A-1EEB404712C8}.Release|x86.Build.0 = Release|Any CPU
		{4518F033-F39A-49B0-B76E-5D890ACDCBE1}.Debug|Any CPU.ActiveCfg = Debug|Any CPU
		{4518F033-F39A-49B0-B76E-5D890ACDCBE1}.Debug|Any CPU.Build.0 = Debug|Any CPU
		{4518F033-F39A-49B0-B76E-5D890ACDCBE1}.Debug|Any CPU.Deploy.0 = Debug|Any CPU
		{4518F033-F39A-49B0-B76E-5D890ACDCBE1}.Debug|ARM64.ActiveCfg = Debug|Any CPU
		{4518F033-F39A-49B0-B76E-5D890ACDCBE1}.Debug|ARM64.Build.0 = Debug|Any CPU
		{4518F033-F39A-49B0-B76E-5D890ACDCBE1}.Debug|ARM64.Deploy.0 = Debug|Any CPU
		{4518F033-F39A-49B0-B76E-5D890ACDCBE1}.Debug|x64.ActiveCfg = Debug|Any CPU
		{4518F033-F39A-49B0-B76E-5D890ACDCBE1}.Debug|x64.Build.0 = Debug|Any CPU
		{4518F033-F39A-49B0-B76E-5D890ACDCBE1}.Debug|x64.Deploy.0 = Debug|Any CPU
		{4518F033-F39A-49B0-B76E-5D890ACDCBE1}.Debug|x86.ActiveCfg = Debug|Any CPU
		{4518F033-F39A-49B0-B76E-5D890ACDCBE1}.Debug|x86.Build.0 = Debug|Any CPU
		{4518F033-F39A-49B0-B76E-5D890ACDCBE1}.Debug|x86.Deploy.0 = Debug|Any CPU
		{4518F033-F39A-49B0-B76E-5D890ACDCBE1}.Release|Any CPU.ActiveCfg = Release|Any CPU
		{4518F033-F39A-49B0-B76E-5D890ACDCBE1}.Release|Any CPU.Build.0 = Release|Any CPU
		{4518F033-F39A-49B0-B76E-5D890ACDCBE1}.Release|Any CPU.Deploy.0 = Release|Any CPU
		{4518F033-F39A-49B0-B76E-5D890ACDCBE1}.Release|ARM64.ActiveCfg = Release|Any CPU
		{4518F033-F39A-49B0-B76E-5D890ACDCBE1}.Release|ARM64.Build.0 = Release|Any CPU
		{4518F033-F39A-49B0-B76E-5D890ACDCBE1}.Release|ARM64.Deploy.0 = Release|Any CPU
		{4518F033-F39A-49B0-B76E-5D890ACDCBE1}.Release|x64.ActiveCfg = Release|Any CPU
		{4518F033-F39A-49B0-B76E-5D890ACDCBE1}.Release|x64.Build.0 = Release|Any CPU
		{4518F033-F39A-49B0-B76E-5D890ACDCBE1}.Release|x64.Deploy.0 = Release|Any CPU
		{4518F033-F39A-49B0-B76E-5D890ACDCBE1}.Release|x86.ActiveCfg = Release|Any CPU
		{4518F033-F39A-49B0-B76E-5D890ACDCBE1}.Release|x86.Build.0 = Release|Any CPU
		{4518F033-F39A-49B0-B76E-5D890ACDCBE1}.Release|x86.Deploy.0 = Release|Any CPU
	EndGlobalSection
	GlobalSection(SolutionProperties) = preSolution
		HideSolutionNode = FALSE
	EndGlobalSection
	GlobalSection(ExtensibilityGlobals) = postSolution
		SolutionGuid = {A1B852D7-4BE3-4FE0-937B-A4D06D254119}
	EndGlobalSection
EndGlobal
